
Microsoft Visual Studio Solution File, Format Version 12.00
# Visual Studio Version 16
VisualStudioVersion = 16.0.29728.190
MinimumVisualStudioVersion = 10.0.40219.1
Project("{FAE04EC0-301F-11D3-BF4B-00C04F79EFBC}") = "ScoutSheet.Android", "ScoutSheet.Android\ScoutSheet.Android.csproj", "{9C811996-4C99-4FEF-9021-BB580A771C1A}"
EndProject
Project("{FAE04EC0-301F-11D3-BF4B-00C04F79EFBC}") = "ScoutSheet.iOS", "ScoutSheet.iOS\ScoutSheet.iOS.csproj", "{A1598B80-940F-4750-9BAB-8825020CBEC9}"
EndProject
Project("{FAE04EC0-301F-11D3-BF4B-00C04F79EFBC}") = "ScoutSheet", "ScoutSheet\ScoutSheet.csproj", "{4171C542-FD96-4864-806C-7F139F529EE3}"
EndProject
Global
	GlobalSection(SolutionConfigurationPlatforms) = preSolution
		Debug|Any CPU = Debug|Any CPU
		Debug|iPhone = Debug|iPhone
		Debug|iPhoneSimulator = Debug|iPhoneSimulator
		Release|Any CPU = Release|Any CPU
		Release|iPhone = Release|iPhone
		Release|iPhoneSimulator = Release|iPhoneSimulator
	EndGlobalSection
	GlobalSection(ProjectConfigurationPlatforms) = postSolution
		{9C811996-4C99-4FEF-9021-BB580A771C1A}.Debug|Any CPU.ActiveCfg = Debug|Any CPU
		{9C811996-4C99-4FEF-9021-BB580A771C1A}.Debug|Any CPU.Build.0 = Debug|Any CPU
		{9C811996-4C99-4FEF-9021-BB580A771C1A}.Debug|Any CPU.Deploy.0 = Debug|Any CPU
		{9C811996-4C99-4FEF-9021-BB580A771C1A}.Debug|iPhone.ActiveCfg = Debug|Any CPU
		{9C811996-4C99-4FEF-9021-BB580A771C1A}.Debug|iPhone.Build.0 = Debug|Any CPU
		{9C811996-4C99-4FEF-9021-BB580A771C1A}.Debug|iPhone.Deploy.0 = Debug|Any CPU
		{9C811996-4C99-4FEF-9021-BB580A771C1A}.Debug|iPhoneSimulator.ActiveCfg = Debug|Any CPU
		{9C811996-4C99-4FEF-9021-BB580A771C1A}.Debug|iPhoneSimulator.Build.0 = Debug|Any CPU
		{9C811996-4C99-4FEF-9021-BB580A771C1A}.Debug|iPhoneSimulator.Deploy.0 = Debug|Any CPU
		{9C811996-4C99-4FEF-9021-BB580A771C1A}.Release|Any CPU.ActiveCfg = Release|Any CPU
		{9C811996-4C99-4FEF-9021-BB580A771C1A}.Release|Any CPU.Build.0 = Release|Any CPU
		{9C811996-4C99-4FEF-9021-BB580A771C1A}.Release|Any CPU.Deploy.0 = Release|Any CPU
		{9C811996-4C99-4FEF-9021-BB580A771C1A}.Release|iPhone.ActiveCfg = Release|Any CPU
		{9C811996-4C99-4FEF-9021-BB580A771C1A}.Release|iPhone.Build.0 = Release|Any CPU
		{9C811996-4C99-4FEF-9021-BB580A771C1A}.Release|iPhone.Deploy.0 = Release|Any CPU
		{9C811996-4C99-4FEF-9021-BB580A771C1A}.Release|iPhoneSimulator.ActiveCfg = Release|Any CPU
		{9C811996-4C99-4FEF-9021-BB580A771C1A}.Release|iPhoneSimulator.Build.0 = Release|Any CPU
		{9C811996-4C99-4FEF-9021-BB580A771C1A}.Release|iPhoneSimulator.Deploy.0 = Release|Any CPU
		{A1598B80-940F-4750-9BAB-8825020CBEC9}.Debug|Any CPU.ActiveCfg = Debug|iPhoneSimulator
		{A1598B80-940F-4750-9BAB-8825020CBEC9}.Debug|Any CPU.Build.0 = Debug|iPhoneSimulator
		{A1598B80-940F-4750-9BAB-8825020CBEC9}.Debug|Any CPU.Deploy.0 = Debug|iPhoneSimulator
		{A1598B80-940F-4750-9BAB-8825020CBEC9}.Debug|iPhone.ActiveCfg = Debug|iPhone
		{A1598B80-940F-4750-9BAB-8825020CBEC9}.Debug|iPhone.Build.0 = Debug|iPhone
		{A1598B80-940F-4750-9BAB-8825020CBEC9}.Debug|iPhone.Deploy.0 = Debug|iPhone
		{A1598B80-940F-4750-9BAB-8825020CBEC9}.Debug|iPhoneSimulator.ActiveCfg = Debug|iPhoneSimulator
		{A1598B80-940F-4750-9BAB-8825020CBEC9}.Debug|iPhoneSimulator.Build.0 = Debug|iPhoneSimulator
		{A1598B80-940F-4750-9BAB-8825020CBEC9}.Debug|iPhoneSimulator.Deploy.0 = Debug|iPhoneSimulator
		{A1598B80-940F-4750-9BAB-8825020CBEC9}.Release|Any CPU.ActiveCfg = Release|iPhone
		{A1598B80-940F-4750-9BAB-8825020CBEC9}.Release|Any CPU.Build.0 = Release|iPhone
		{A1598B80-940F-4750-9BAB-8825020CBEC9}.Release|Any CPU.Deploy.0 = Release|iPhone
		{A1598B80-940F-4750-9BAB-8825020CBEC9}.Release|iPhone.ActiveCfg = Release|iPhone
		{A1598B80-940F-4750-9BAB-8825020CBEC9}.Release|iPhone.Build.0 = Release|iPhone
		{A1598B80-940F-4750-9BAB-8825020CBEC9}.Release|iPhone.Deploy.0 = Release|iPhone
		{A1598B80-940F-4750-9BAB-8825020CBEC9}.Release|iPhoneSimulator.ActiveCfg = Release|iPhoneSimulator
		{A1598B80-940F-4750-9BAB-8825020CBEC9}.Release|iPhoneSimulator.Build.0 = Release|iPhoneSimulator
		{A1598B80-940F-4750-9BAB-8825020CBEC9}.Release|iPhoneSimulator.Deploy.0 = Release|iPhoneSimulator
		{4171C542-FD96-4864-806C-7F139F529EE3}.Debug|Any CPU.ActiveCfg = Debug|Any CPU
		{4171C542-FD96-4864-806C-7F139F529EE3}.Debug|Any CPU.Build.0 = Debug|Any CPU
		{4171C542-FD96-4864-806C-7F139F529EE3}.Debug|Any CPU.Deploy.0 = Debug|Any CPU
		{4171C542-FD96-4864-806C-7F139F529EE3}.Debug|iPhone.ActiveCfg = Debug|Any CPU
		{4171C542-FD96-4864-806C-7F139F529EE3}.Debug|iPhone.Build.0 = Debug|Any CPU
		{4171C542-FD96-4864-806C-7F139F529EE3}.Debug|iPhone.Deploy.0 = Debug|Any CPU
		{4171C542-FD96-4864-806C-7F139F529EE3}.Debug|iPhoneSimulator.ActiveCfg = Debug|Any CPU
		{4171C542-FD96-4864-806C-7F139F529EE3}.Debug|iPhoneSimulator.Build.0 = Debug|Any CPU
		{4171C542-FD96-4864-806C-7F139F529EE3}.Debug|iPhoneSimulator.Deploy.0 = Debug|Any CPU
		{4171C542-FD96-4864-806C-7F139F529EE3}.Release|Any CPU.ActiveCfg = Release|Any CPU
		{4171C542-FD96-4864-806C-7F139F529EE3}.Release|Any CPU.Build.0 = Release|Any CPU
		{4171C542-FD96-4864-806C-7F139F529EE3}.Release|Any CPU.Deploy.0 = Release|Any CPU
		{4171C542-FD96-4864-806C-7F139F529EE3}.Release|iPhone.ActiveCfg = Release|Any CPU
		{4171C542-FD96-4864-806C-7F139F529EE3}.Release|iPhone.Build.0 = Release|Any CPU
		{4171C542-FD96-4864-806C-7F139F529EE3}.Release|iPhone.Deploy.0 = Release|Any CPU
		{4171C542-FD96-4864-806C-7F139F529EE3}.Release|iPhoneSimulator.ActiveCfg = Release|Any CPU
		{4171C542-FD96-4864-806C-7F139F529EE3}.Release|iPhoneSimulator.Build.0 = Release|Any CPU
		{4171C542-FD96-4864-806C-7F139F529EE3}.Release|iPhoneSimulator.Deploy.0 = Release|Any CPU
	EndGlobalSection
	GlobalSection(SolutionProperties) = preSolution
		HideSolutionNode = FALSE
	EndGlobalSection
	GlobalSection(ExtensibilityGlobals) = postSolution
		SolutionGuid = {90991A92-9175-4062-A8B6-1C06574125E2}
	EndGlobalSection
EndGlobal
